
Microsoft Visual Studio Solution File, Format Version 12.00
# Visual Studio 15
VisualStudioVersion = 15.0.28307.645
MinimumVisualStudioVersion = 10.0.40219.1
Project("{9A19103F-16F7-4668-BE54-9A1E7A4F7556}") = "Sfc.App.Contracts", "Sfc.App.Contracts/Sfc.App.Contracts.csproj", "{3901194C-B943-427D-BFB8-EB256E51049C}"
EndProject
Global
	GlobalSection(SolutionConfigurationPlatforms) = preSolution
		Debug|Any CPU = Debug|Any CPU
		Release|Any CPU = Release|Any CPU
	EndGlobalSection
	GlobalSection(ProjectConfigurationPlatforms) = postSolution
		{3901194C-B943-427D-BFB8-EB256E51049C}.Debug|Any CPU.ActiveCfg = Debug|Any CPU
		{3901194C-B943-427D-BFB8-EB256E51049C}.Debug|Any CPU.Build.0 = Debug|Any CPU
		{3901194C-B943-427D-BFB8-EB256E51049C}.Release|Any CPU.ActiveCfg = Release|Any CPU
		{3901194C-B943-427D-BFB8-EB256E51049C}.Release|Any CPU.Build.0 = Release|Any CPU
	EndGlobalSection
	GlobalSection(SolutionProperties) = preSolution
		HideSolutionNode = FALSE
	EndGlobalSection
	GlobalSection(ExtensibilityGlobals) = postSolution
		SolutionGuid = {A464409C-FCEF-47AA-9826-83E63415BE0E}
	EndGlobalSection
EndGlobal
