
Microsoft Visual Studio Solution File, Format Version 12.00
# Visual Studio Version 16
VisualStudioVersion = 16.0.29025.244
MinimumVisualStudioVersion = 10.0.40219.1
Project("{2150E333-8FDC-42A3-9474-1A3956D46DE8}") = "!Test", "!Test", "{9433D67C-B0C4-4C11-BA96-CA2F31258B7D}"
EndProject
Project("{FAE04EC0-301F-11D3-BF4B-00C04F79EFBC}") = "Sfc.Wms.App.Api", "Sfc.Wms.App.Api\Sfc.Wms.App.Api.csproj", "{D64223B7-5EAB-4408-9D8C-759D757F49F3}"
EndProject
Project("{FAE04EC0-301F-11D3-BF4B-00C04F79EFBC}") = "Sfc.Wms.App.Api.Tests.Unit", "Sfc.App.Api.Tests.Unit\Sfc.Wms.App.Api.Tests.Unit.csproj", "{C6B3CBF6-46F1-4366-BA6C-2498F2D4FE20}"
EndProject
Project("{9A19103F-16F7-4668-BE54-9A1E7A4F7556}") = "Sfc.Wms.App.Api.Nuget", "Sfc.Wms.App.Api.Nuget\Sfc.Wms.App.Api.Nuget\Sfc.Wms.App.Api.Nuget.csproj", "{FEAE3C59-5397-4F06-BC62-933D31D58991}"
EndProject
Project("{9A19103F-16F7-4668-BE54-9A1E7A4F7556}") = "Sfc.Wms.App.App", "Sfc.Wms.App.App\Sfc.Wms.App.App\Sfc.Wms.App.App.csproj", "{CD1C9CFD-4058-4874-9D99-3EEA9577AFF6}"
EndProject
Project("{9A19103F-16F7-4668-BE54-9A1E7A4F7556}") = "Sfc.Wms.App.Api.Contracts", "Sfc.Wms.App.Api.Contracts\Sfc.Wms.App.Api.Contracts\Sfc.Wms.App.Api.Contracts.csproj", "{97CE1BFB-CD34-4B14-BD47-37BDBBCC12CD}"
EndProject
Global
	GlobalSection(SolutionConfigurationPlatforms) = preSolution
		Debug|Any CPU = Debug|Any CPU
		DEV|Any CPU = DEV|Any CPU
		PROD|Any CPU = PROD|Any CPU
		QA|Any CPU = QA|Any CPU
		Release|Any CPU = Release|Any CPU
		UAT|Any CPU = UAT|Any CPU
	EndGlobalSection
	GlobalSection(ProjectConfigurationPlatforms) = postSolution
		{D64223B7-5EAB-4408-9D8C-759D757F49F3}.Debug|Any CPU.ActiveCfg = Debug|Any CPU
		{D64223B7-5EAB-4408-9D8C-759D757F49F3}.Debug|Any CPU.Build.0 = Debug|Any CPU
		{D64223B7-5EAB-4408-9D8C-759D757F49F3}.DEV|Any CPU.ActiveCfg = DEV|Any CPU
		{D64223B7-5EAB-4408-9D8C-759D757F49F3}.DEV|Any CPU.Build.0 = DEV|Any CPU
		{D64223B7-5EAB-4408-9D8C-759D757F49F3}.PROD|Any CPU.ActiveCfg = PROD|Any CPU
		{D64223B7-5EAB-4408-9D8C-759D757F49F3}.PROD|Any CPU.Build.0 = PROD|Any CPU
		{D64223B7-5EAB-4408-9D8C-759D757F49F3}.QA|Any CPU.ActiveCfg = QA|Any CPU
		{D64223B7-5EAB-4408-9D8C-759D757F49F3}.QA|Any CPU.Build.0 = QA|Any CPU
		{D64223B7-5EAB-4408-9D8C-759D757F49F3}.Release|Any CPU.ActiveCfg = Release|Any CPU
		{D64223B7-5EAB-4408-9D8C-759D757F49F3}.Release|Any CPU.Build.0 = Release|Any CPU
		{D64223B7-5EAB-4408-9D8C-759D757F49F3}.UAT|Any CPU.ActiveCfg = UAT|Any CPU
		{D64223B7-5EAB-4408-9D8C-759D757F49F3}.UAT|Any CPU.Build.0 = UAT|Any CPU
		{C6B3CBF6-46F1-4366-BA6C-2498F2D4FE20}.Debug|Any CPU.ActiveCfg = Debug|Any CPU
		{C6B3CBF6-46F1-4366-BA6C-2498F2D4FE20}.Debug|Any CPU.Build.0 = Debug|Any CPU
		{C6B3CBF6-46F1-4366-BA6C-2498F2D4FE20}.DEV|Any CPU.ActiveCfg = Debug|Any CPU
		{C6B3CBF6-46F1-4366-BA6C-2498F2D4FE20}.DEV|Any CPU.Build.0 = Debug|Any CPU
		{C6B3CBF6-46F1-4366-BA6C-2498F2D4FE20}.PROD|Any CPU.ActiveCfg = PROD|Any CPU
		{C6B3CBF6-46F1-4366-BA6C-2498F2D4FE20}.PROD|Any CPU.Build.0 = PROD|Any CPU
		{C6B3CBF6-46F1-4366-BA6C-2498F2D4FE20}.QA|Any CPU.ActiveCfg = QA|Any CPU
		{C6B3CBF6-46F1-4366-BA6C-2498F2D4FE20}.QA|Any CPU.Build.0 = QA|Any CPU
		{C6B3CBF6-46F1-4366-BA6C-2498F2D4FE20}.Release|Any CPU.ActiveCfg = Release|Any CPU
		{C6B3CBF6-46F1-4366-BA6C-2498F2D4FE20}.Release|Any CPU.Build.0 = Release|Any CPU
		{C6B3CBF6-46F1-4366-BA6C-2498F2D4FE20}.UAT|Any CPU.ActiveCfg = UAT|Any CPU
		{C6B3CBF6-46F1-4366-BA6C-2498F2D4FE20}.UAT|Any CPU.Build.0 = UAT|Any CPU
		{FEAE3C59-5397-4F06-BC62-933D31D58991}.Debug|Any CPU.ActiveCfg = Debug|Any CPU
		{FEAE3C59-5397-4F06-BC62-933D31D58991}.Debug|Any CPU.Build.0 = Debug|Any CPU
		{FEAE3C59-5397-4F06-BC62-933D31D58991}.DEV|Any CPU.ActiveCfg = Debug|Any CPU
		{FEAE3C59-5397-4F06-BC62-933D31D58991}.DEV|Any CPU.Build.0 = Debug|Any CPU
		{FEAE3C59-5397-4F06-BC62-933D31D58991}.PROD|Any CPU.ActiveCfg = PROD|Any CPU
		{FEAE3C59-5397-4F06-BC62-933D31D58991}.PROD|Any CPU.Build.0 = PROD|Any CPU
		{FEAE3C59-5397-4F06-BC62-933D31D58991}.QA|Any CPU.ActiveCfg = QA|Any CPU
		{FEAE3C59-5397-4F06-BC62-933D31D58991}.QA|Any CPU.Build.0 = QA|Any CPU
		{FEAE3C59-5397-4F06-BC62-933D31D58991}.Release|Any CPU.ActiveCfg = Release|Any CPU
		{FEAE3C59-5397-4F06-BC62-933D31D58991}.Release|Any CPU.Build.0 = Release|Any CPU
		{FEAE3C59-5397-4F06-BC62-933D31D58991}.UAT|Any CPU.ActiveCfg = UAT|Any CPU
		{FEAE3C59-5397-4F06-BC62-933D31D58991}.UAT|Any CPU.Build.0 = UAT|Any CPU
		{CD1C9CFD-4058-4874-9D99-3EEA9577AFF6}.Debug|Any CPU.ActiveCfg = Debug|Any CPU
		{CD1C9CFD-4058-4874-9D99-3EEA9577AFF6}.Debug|Any CPU.Build.0 = Debug|Any CPU
		{CD1C9CFD-4058-4874-9D99-3EEA9577AFF6}.DEV|Any CPU.ActiveCfg = Debug|Any CPU
		{CD1C9CFD-4058-4874-9D99-3EEA9577AFF6}.DEV|Any CPU.Build.0 = Debug|Any CPU
		{CD1C9CFD-4058-4874-9D99-3EEA9577AFF6}.PROD|Any CPU.ActiveCfg = PROD|Any CPU
		{CD1C9CFD-4058-4874-9D99-3EEA9577AFF6}.PROD|Any CPU.Build.0 = PROD|Any CPU
		{CD1C9CFD-4058-4874-9D99-3EEA9577AFF6}.QA|Any CPU.ActiveCfg = QA|Any CPU
		{CD1C9CFD-4058-4874-9D99-3EEA9577AFF6}.QA|Any CPU.Build.0 = QA|Any CPU
		{CD1C9CFD-4058-4874-9D99-3EEA9577AFF6}.Release|Any CPU.ActiveCfg = Release|Any CPU
		{CD1C9CFD-4058-4874-9D99-3EEA9577AFF6}.Release|Any CPU.Build.0 = Release|Any CPU
		{CD1C9CFD-4058-4874-9D99-3EEA9577AFF6}.UAT|Any CPU.ActiveCfg = UAT|Any CPU
		{CD1C9CFD-4058-4874-9D99-3EEA9577AFF6}.UAT|Any CPU.Build.0 = UAT|Any CPU
		{97CE1BFB-CD34-4B14-BD47-37BDBBCC12CD}.Debug|Any CPU.ActiveCfg = Debug|Any CPU
		{97CE1BFB-CD34-4B14-BD47-37BDBBCC12CD}.Debug|Any CPU.Build.0 = Debug|Any CPU
		{97CE1BFB-CD34-4B14-BD47-37BDBBCC12CD}.DEV|Any CPU.ActiveCfg = Debug|Any CPU
		{97CE1BFB-CD34-4B14-BD47-37BDBBCC12CD}.DEV|Any CPU.Build.0 = Debug|Any CPU
		{97CE1BFB-CD34-4B14-BD47-37BDBBCC12CD}.PROD|Any CPU.ActiveCfg = PROD|Any CPU
		{97CE1BFB-CD34-4B14-BD47-37BDBBCC12CD}.PROD|Any CPU.Build.0 = PROD|Any CPU
		{97CE1BFB-CD34-4B14-BD47-37BDBBCC12CD}.QA|Any CPU.ActiveCfg = QA|Any CPU
		{97CE1BFB-CD34-4B14-BD47-37BDBBCC12CD}.QA|Any CPU.Build.0 = QA|Any CPU
		{97CE1BFB-CD34-4B14-BD47-37BDBBCC12CD}.Release|Any CPU.ActiveCfg = Release|Any CPU
		{97CE1BFB-CD34-4B14-BD47-37BDBBCC12CD}.Release|Any CPU.Build.0 = Release|Any CPU
		{97CE1BFB-CD34-4B14-BD47-37BDBBCC12CD}.UAT|Any CPU.ActiveCfg = UAT|Any CPU
		{97CE1BFB-CD34-4B14-BD47-37BDBBCC12CD}.UAT|Any CPU.Build.0 = UAT|Any CPU
	EndGlobalSection
	GlobalSection(SolutionProperties) = preSolution
		HideSolutionNode = FALSE
	EndGlobalSection
	GlobalSection(NestedProjects) = preSolution
		{C6B3CBF6-46F1-4366-BA6C-2498F2D4FE20} = {9433D67C-B0C4-4C11-BA96-CA2F31258B7D}
	EndGlobalSection
	GlobalSection(ExtensibilityGlobals) = postSolution
		SolutionGuid = {3E7734BA-075C-428A-99FF-729DB5CED5EA}
	EndGlobalSection
EndGlobal
