
Microsoft Visual Studio Solution File, Format Version 12.00
# Visual Studio 15
VisualStudioVersion = 15.0.28307.902
MinimumVisualStudioVersion = 10.0.40219.1
Project("{FAE04EC0-301F-11D3-BF4B-00C04F79EFBC}") = "Sfc.Wms.App.Api", "Sfc.Wms.App.Api\Sfc.Wms.App.Api.csproj", "{D64223B7-5EAB-4408-9D8C-759D757F49F3}"
EndProject
Project("{9A19103F-16F7-4668-BE54-9A1E7A4F7556}") = "Sfc.Wms.App.Api.Contracts", "Sfc.Wms.App.Api.Contracts\Sfc.Wms.App.Api.Contracts\Sfc.Wms.App.Api.Contracts.csproj", "{A1E7BC09-04D9-4AA9-973B-439885D1D81F}"
EndProject
Project("{9A19103F-16F7-4668-BE54-9A1E7A4F7556}") = "Sfc.Wms.Inbound.Receiving.App.UoW", "..\..\Inbound\Receiving.UoW\Sfc.Wms.Inbound.Receiving.App.UoW\Sfc.Wms.Inbound.Receiving.App.UoW\Sfc.Wms.Inbound.Receiving.App.UoW.csproj", "{BB8FC9FE-FADA-420D-804A-601C0447DE50}"
EndProject
Project("{9A19103F-16F7-4668-BE54-9A1E7A4F7556}") = "Sfc.Wms.Foundation.Receiving.UoW", "..\..\Foundation\Receiving.UoW\Sfc.Wms.Foundation.Receiving.UoW\Sfc.Wms.Foundation.Receiving.UoW\Sfc.Wms.Foundation.Receiving.UoW.csproj", "{F7CA77F1-56CD-4869-B5FA-3D4B87944972}"
EndProject
Global
	GlobalSection(SolutionConfigurationPlatforms) = preSolution
		Debug|Any CPU = Debug|Any CPU
		DEV|Any CPU = DEV|Any CPU
		PROD|Any CPU = PROD|Any CPU
		QA|Any CPU = QA|Any CPU
		Release|Any CPU = Release|Any CPU
		UAT|Any CPU = UAT|Any CPU
	EndGlobalSection
	GlobalSection(ProjectConfigurationPlatforms) = postSolution
		{D64223B7-5EAB-4408-9D8C-759D757F49F3}.Debug|Any CPU.ActiveCfg = Debug|Any CPU
		{D64223B7-5EAB-4408-9D8C-759D757F49F3}.Debug|Any CPU.Build.0 = Debug|Any CPU
		{D64223B7-5EAB-4408-9D8C-759D757F49F3}.DEV|Any CPU.ActiveCfg = DEV|Any CPU
		{D64223B7-5EAB-4408-9D8C-759D757F49F3}.DEV|Any CPU.Build.0 = DEV|Any CPU
		{D64223B7-5EAB-4408-9D8C-759D757F49F3}.PROD|Any CPU.ActiveCfg = PROD|Any CPU
		{D64223B7-5EAB-4408-9D8C-759D757F49F3}.PROD|Any CPU.Build.0 = PROD|Any CPU
		{D64223B7-5EAB-4408-9D8C-759D757F49F3}.QA|Any CPU.ActiveCfg = QA|Any CPU
		{D64223B7-5EAB-4408-9D8C-759D757F49F3}.QA|Any CPU.Build.0 = QA|Any CPU
		{D64223B7-5EAB-4408-9D8C-759D757F49F3}.Release|Any CPU.ActiveCfg = Release|Any CPU
		{D64223B7-5EAB-4408-9D8C-759D757F49F3}.Release|Any CPU.Build.0 = Release|Any CPU
		{D64223B7-5EAB-4408-9D8C-759D757F49F3}.UAT|Any CPU.ActiveCfg = UAT|Any CPU
		{D64223B7-5EAB-4408-9D8C-759D757F49F3}.UAT|Any CPU.Build.0 = UAT|Any CPU
		{A1E7BC09-04D9-4AA9-973B-439885D1D81F}.Debug|Any CPU.ActiveCfg = Debug|Any CPU
		{A1E7BC09-04D9-4AA9-973B-439885D1D81F}.Debug|Any CPU.Build.0 = Debug|Any CPU
		{A1E7BC09-04D9-4AA9-973B-439885D1D81F}.DEV|Any CPU.ActiveCfg = Debug|Any CPU
		{A1E7BC09-04D9-4AA9-973B-439885D1D81F}.DEV|Any CPU.Build.0 = Debug|Any CPU
		{A1E7BC09-04D9-4AA9-973B-439885D1D81F}.PROD|Any CPU.ActiveCfg = PROD|Any CPU
		{A1E7BC09-04D9-4AA9-973B-439885D1D81F}.PROD|Any CPU.Build.0 = PROD|Any CPU
		{A1E7BC09-04D9-4AA9-973B-439885D1D81F}.QA|Any CPU.ActiveCfg = QA|Any CPU
		{A1E7BC09-04D9-4AA9-973B-439885D1D81F}.QA|Any CPU.Build.0 = QA|Any CPU
		{A1E7BC09-04D9-4AA9-973B-439885D1D81F}.Release|Any CPU.ActiveCfg = Release|Any CPU
		{A1E7BC09-04D9-4AA9-973B-439885D1D81F}.Release|Any CPU.Build.0 = Release|Any CPU
		{A1E7BC09-04D9-4AA9-973B-439885D1D81F}.UAT|Any CPU.ActiveCfg = UAT|Any CPU
		{A1E7BC09-04D9-4AA9-973B-439885D1D81F}.UAT|Any CPU.Build.0 = UAT|Any CPU
		{BB8FC9FE-FADA-420D-804A-601C0447DE50}.Debug|Any CPU.ActiveCfg = Debug|Any CPU
		{BB8FC9FE-FADA-420D-804A-601C0447DE50}.Debug|Any CPU.Build.0 = Debug|Any CPU
		{BB8FC9FE-FADA-420D-804A-601C0447DE50}.DEV|Any CPU.ActiveCfg = Debug|Any CPU
		{BB8FC9FE-FADA-420D-804A-601C0447DE50}.DEV|Any CPU.Build.0 = Debug|Any CPU
		{BB8FC9FE-FADA-420D-804A-601C0447DE50}.PROD|Any CPU.ActiveCfg = Debug|Any CPU
		{BB8FC9FE-FADA-420D-804A-601C0447DE50}.PROD|Any CPU.Build.0 = Debug|Any CPU
		{BB8FC9FE-FADA-420D-804A-601C0447DE50}.QA|Any CPU.ActiveCfg = Debug|Any CPU
		{BB8FC9FE-FADA-420D-804A-601C0447DE50}.QA|Any CPU.Build.0 = Debug|Any CPU
		{BB8FC9FE-FADA-420D-804A-601C0447DE50}.Release|Any CPU.ActiveCfg = Release|Any CPU
		{BB8FC9FE-FADA-420D-804A-601C0447DE50}.Release|Any CPU.Build.0 = Release|Any CPU
		{BB8FC9FE-FADA-420D-804A-601C0447DE50}.UAT|Any CPU.ActiveCfg = Debug|Any CPU
		{BB8FC9FE-FADA-420D-804A-601C0447DE50}.UAT|Any CPU.Build.0 = Debug|Any CPU
		{F7CA77F1-56CD-4869-B5FA-3D4B87944972}.Debug|Any CPU.ActiveCfg = Debug|Any CPU
		{F7CA77F1-56CD-4869-B5FA-3D4B87944972}.Debug|Any CPU.Build.0 = Debug|Any CPU
		{F7CA77F1-56CD-4869-B5FA-3D4B87944972}.DEV|Any CPU.ActiveCfg = Debug|Any CPU
		{F7CA77F1-56CD-4869-B5FA-3D4B87944972}.DEV|Any CPU.Build.0 = Debug|Any CPU
		{F7CA77F1-56CD-4869-B5FA-3D4B87944972}.PROD|Any CPU.ActiveCfg = Debug|Any CPU
		{F7CA77F1-56CD-4869-B5FA-3D4B87944972}.PROD|Any CPU.Build.0 = Debug|Any CPU
		{F7CA77F1-56CD-4869-B5FA-3D4B87944972}.QA|Any CPU.ActiveCfg = Debug|Any CPU
		{F7CA77F1-56CD-4869-B5FA-3D4B87944972}.QA|Any CPU.Build.0 = Debug|Any CPU
		{F7CA77F1-56CD-4869-B5FA-3D4B87944972}.Release|Any CPU.ActiveCfg = Release|Any CPU
		{F7CA77F1-56CD-4869-B5FA-3D4B87944972}.Release|Any CPU.Build.0 = Release|Any CPU
		{F7CA77F1-56CD-4869-B5FA-3D4B87944972}.UAT|Any CPU.ActiveCfg = Debug|Any CPU
		{F7CA77F1-56CD-4869-B5FA-3D4B87944972}.UAT|Any CPU.Build.0 = Debug|Any CPU
	EndGlobalSection
	GlobalSection(SolutionProperties) = preSolution
		HideSolutionNode = FALSE
	EndGlobalSection
	GlobalSection(ExtensibilityGlobals) = postSolution
		SolutionGuid = {3E7734BA-075C-428A-99FF-729DB5CED5EA}
	EndGlobalSection
EndGlobal
