
Microsoft Visual Studio Solution File, Format Version 12.00
# Visual Studio 15
VisualStudioVersion = 15.0.28307.572
MinimumVisualStudioVersion = 10.0.40219.1
Project("{2150E333-8FDC-42A3-9474-1A3956D46DE8}") = "!Test", "!Test", "{9433D67C-B0C4-4C11-BA96-CA2F31258B7D}"
EndProject
Project("{FAE04EC0-301F-11D3-BF4B-00C04F79EFBC}") = "Sfc.Wms.App.Api", "Sfc.Wms.App.Api\Sfc.Wms.App.Api.csproj", "{D64223B7-5EAB-4408-9D8C-759D757F49F3}"
EndProject
Project("{9A19103F-16F7-4668-BE54-9A1E7A4F7556}") = "Sfc.Core.Aop.WebApi", "..\..\onCorePrem\Sfc.Core.Aop.WebApi\Sfc.Core.Aop.WebApi\Sfc.Core.Aop.WebApi.csproj", "{3F35D16C-B1FB-442A-95DD-92876267929A}"
EndProject
Project("{9A19103F-16F7-4668-BE54-9A1E7A4F7556}") = "Sfc.Wms.Framework.Interceptor.App", "..\..\frameworkIntegration\Sfc.Wms.Framework.Interceptor\Sfc.Wms.Framework.Interceptor.App\Sfc.Wms.Framework.Interceptor.App.csproj", "{8172742E-5175-49A9-8C1B-FB2D794A264E}"
EndProject
Global
	GlobalSection(SolutionConfigurationPlatforms) = preSolution
		Debug|Any CPU = Debug|Any CPU
		DEV|Any CPU = DEV|Any CPU
		PROD|Any CPU = PROD|Any CPU
		QA|Any CPU = QA|Any CPU
		Release|Any CPU = Release|Any CPU
		UAT|Any CPU = UAT|Any CPU
	EndGlobalSection
	GlobalSection(ProjectConfigurationPlatforms) = postSolution
		{D64223B7-5EAB-4408-9D8C-759D757F49F3}.Debug|Any CPU.ActiveCfg = Debug|Any CPU
		{D64223B7-5EAB-4408-9D8C-759D757F49F3}.Debug|Any CPU.Build.0 = Debug|Any CPU
		{D64223B7-5EAB-4408-9D8C-759D757F49F3}.DEV|Any CPU.ActiveCfg = DEV|Any CPU
		{D64223B7-5EAB-4408-9D8C-759D757F49F3}.DEV|Any CPU.Build.0 = DEV|Any CPU
		{D64223B7-5EAB-4408-9D8C-759D757F49F3}.PROD|Any CPU.ActiveCfg = PROD|Any CPU
		{D64223B7-5EAB-4408-9D8C-759D757F49F3}.PROD|Any CPU.Build.0 = PROD|Any CPU
		{D64223B7-5EAB-4408-9D8C-759D757F49F3}.QA|Any CPU.ActiveCfg = QA|Any CPU
		{D64223B7-5EAB-4408-9D8C-759D757F49F3}.QA|Any CPU.Build.0 = QA|Any CPU
		{D64223B7-5EAB-4408-9D8C-759D757F49F3}.Release|Any CPU.ActiveCfg = Release|Any CPU
		{D64223B7-5EAB-4408-9D8C-759D757F49F3}.Release|Any CPU.Build.0 = Release|Any CPU
		{D64223B7-5EAB-4408-9D8C-759D757F49F3}.UAT|Any CPU.ActiveCfg = UAT|Any CPU
		{D64223B7-5EAB-4408-9D8C-759D757F49F3}.UAT|Any CPU.Build.0 = UAT|Any CPU
		{3F35D16C-B1FB-442A-95DD-92876267929A}.Debug|Any CPU.ActiveCfg = Debug|Any CPU
		{3F35D16C-B1FB-442A-95DD-92876267929A}.Debug|Any CPU.Build.0 = Debug|Any CPU
		{3F35D16C-B1FB-442A-95DD-92876267929A}.DEV|Any CPU.ActiveCfg = Debug|Any CPU
		{3F35D16C-B1FB-442A-95DD-92876267929A}.DEV|Any CPU.Build.0 = Debug|Any CPU
		{3F35D16C-B1FB-442A-95DD-92876267929A}.PROD|Any CPU.ActiveCfg = Debug|Any CPU
		{3F35D16C-B1FB-442A-95DD-92876267929A}.PROD|Any CPU.Build.0 = Debug|Any CPU
		{3F35D16C-B1FB-442A-95DD-92876267929A}.QA|Any CPU.ActiveCfg = Debug|Any CPU
		{3F35D16C-B1FB-442A-95DD-92876267929A}.QA|Any CPU.Build.0 = Debug|Any CPU
		{3F35D16C-B1FB-442A-95DD-92876267929A}.Release|Any CPU.ActiveCfg = Release|Any CPU
		{3F35D16C-B1FB-442A-95DD-92876267929A}.Release|Any CPU.Build.0 = Release|Any CPU
		{3F35D16C-B1FB-442A-95DD-92876267929A}.UAT|Any CPU.ActiveCfg = Debug|Any CPU
		{3F35D16C-B1FB-442A-95DD-92876267929A}.UAT|Any CPU.Build.0 = Debug|Any CPU
		{8172742E-5175-49A9-8C1B-FB2D794A264E}.Debug|Any CPU.ActiveCfg = Debug|Any CPU
		{8172742E-5175-49A9-8C1B-FB2D794A264E}.Debug|Any CPU.Build.0 = Debug|Any CPU
		{8172742E-5175-49A9-8C1B-FB2D794A264E}.DEV|Any CPU.ActiveCfg = Debug|Any CPU
		{8172742E-5175-49A9-8C1B-FB2D794A264E}.DEV|Any CPU.Build.0 = Debug|Any CPU
		{8172742E-5175-49A9-8C1B-FB2D794A264E}.PROD|Any CPU.ActiveCfg = Debug|Any CPU
		{8172742E-5175-49A9-8C1B-FB2D794A264E}.PROD|Any CPU.Build.0 = Debug|Any CPU
		{8172742E-5175-49A9-8C1B-FB2D794A264E}.QA|Any CPU.ActiveCfg = Debug|Any CPU
		{8172742E-5175-49A9-8C1B-FB2D794A264E}.QA|Any CPU.Build.0 = Debug|Any CPU
		{8172742E-5175-49A9-8C1B-FB2D794A264E}.Release|Any CPU.ActiveCfg = Release|Any CPU
		{8172742E-5175-49A9-8C1B-FB2D794A264E}.Release|Any CPU.Build.0 = Release|Any CPU
		{8172742E-5175-49A9-8C1B-FB2D794A264E}.UAT|Any CPU.ActiveCfg = Debug|Any CPU
		{8172742E-5175-49A9-8C1B-FB2D794A264E}.UAT|Any CPU.Build.0 = Debug|Any CPU
	EndGlobalSection
	GlobalSection(SolutionProperties) = preSolution
		HideSolutionNode = FALSE
	EndGlobalSection
	GlobalSection(ExtensibilityGlobals) = postSolution
		SolutionGuid = {3E7734BA-075C-428A-99FF-729DB5CED5EA}
	EndGlobalSection
EndGlobal
