
Microsoft Visual Studio Solution File, Format Version 12.00
# Visual Studio 15
VisualStudioVersion = 15.0.28307.645
MinimumVisualStudioVersion = 10.0.40219.1
Project("{FAE04EC0-301F-11D3-BF4B-00C04F79EFBC}") = "Sfc.App.Api", "Sfc.App.Api\Sfc.App.Api.csproj", "{D64223B7-5EAB-4408-9D8C-759D757F49F3}"
EndProject
Project("{2150E333-8FDC-42A3-9474-1A3956D46DE8}") = "!Test", "!Test", "{9433D67C-B0C4-4C11-BA96-CA2F31258B7D}"
EndProject
Project("{9A19103F-16F7-4668-BE54-9A1E7A4F7556}") = "Sfc.App", "Sfc.App\Sfc.App\Sfc.App.csproj", "{915A13EA-B3B3-4BC7-929C-372DD5DDEFBE}"
EndProject
Project("{9A19103F-16F7-4668-BE54-9A1E7A4F7556}") = "Sfc.App.Contracts", "Sfc.App.Contracts\Sfc.App.Contracts\Sfc.App.Contracts.csproj", "{A2FF567A-68BE-4C8C-B572-741CCC202874}"
EndProject
Project("{9A19103F-16F7-4668-BE54-9A1E7A4F7556}") = "Sfc.App.Api.Nuget", "Sfc.App.Api.Nuget\Sfc.App.Api.Nuget\Sfc.App.Api.Nuget.csproj", "{3D162FAF-1167-4B0D-8379-4DBFB28981B1}"
EndProject
Global
	GlobalSection(SolutionConfigurationPlatforms) = preSolution
		Debug|Any CPU = Debug|Any CPU
		Release|Any CPU = Release|Any CPU
	EndGlobalSection
	GlobalSection(ProjectConfigurationPlatforms) = postSolution
		{D64223B7-5EAB-4408-9D8C-759D757F49F3}.Debug|Any CPU.ActiveCfg = Debug|Any CPU
		{D64223B7-5EAB-4408-9D8C-759D757F49F3}.Debug|Any CPU.Build.0 = Debug|Any CPU
		{D64223B7-5EAB-4408-9D8C-759D757F49F3}.Release|Any CPU.ActiveCfg = Release|Any CPU
		{D64223B7-5EAB-4408-9D8C-759D757F49F3}.Release|Any CPU.Build.0 = Release|Any CPU
		{915A13EA-B3B3-4BC7-929C-372DD5DDEFBE}.Debug|Any CPU.ActiveCfg = Debug|Any CPU
		{915A13EA-B3B3-4BC7-929C-372DD5DDEFBE}.Debug|Any CPU.Build.0 = Debug|Any CPU
		{915A13EA-B3B3-4BC7-929C-372DD5DDEFBE}.Release|Any CPU.ActiveCfg = Release|Any CPU
		{915A13EA-B3B3-4BC7-929C-372DD5DDEFBE}.Release|Any CPU.Build.0 = Release|Any CPU
		{A2FF567A-68BE-4C8C-B572-741CCC202874}.Debug|Any CPU.ActiveCfg = Debug|Any CPU
		{A2FF567A-68BE-4C8C-B572-741CCC202874}.Debug|Any CPU.Build.0 = Debug|Any CPU
		{A2FF567A-68BE-4C8C-B572-741CCC202874}.Release|Any CPU.ActiveCfg = Release|Any CPU
		{A2FF567A-68BE-4C8C-B572-741CCC202874}.Release|Any CPU.Build.0 = Release|Any CPU
		{3D162FAF-1167-4B0D-8379-4DBFB28981B1}.Debug|Any CPU.ActiveCfg = Debug|Any CPU
		{3D162FAF-1167-4B0D-8379-4DBFB28981B1}.Debug|Any CPU.Build.0 = Debug|Any CPU
		{3D162FAF-1167-4B0D-8379-4DBFB28981B1}.Release|Any CPU.ActiveCfg = Release|Any CPU
		{3D162FAF-1167-4B0D-8379-4DBFB28981B1}.Release|Any CPU.Build.0 = Release|Any CPU
	EndGlobalSection
	GlobalSection(SolutionProperties) = preSolution
		HideSolutionNode = FALSE
	EndGlobalSection
	GlobalSection(ExtensibilityGlobals) = postSolution
		SolutionGuid = {3E7734BA-075C-428A-99FF-729DB5CED5EA}
	EndGlobalSection
EndGlobal
