
Microsoft Visual Studio Solution File, Format Version 12.00
# Visual Studio 15
VisualStudioVersion = 15.0.28307.645
MinimumVisualStudioVersion = 10.0.40219.1
Project("{FAE04EC0-301F-11D3-BF4B-00C04F79EFBC}") = "Sfc.App.Api", "Sfc.App.Api\Sfc.App.Api.csproj", "{D64223B7-5EAB-4408-9D8C-759D757F49F3}"
EndProject
Project("{9A19103F-16F7-4668-BE54-9A1E7A4F7556}") = "Sfc.App.Contracts", "..\Sfc.App.Contracts\Sfc.App.Contracts\Sfc.App.Contracts.csproj", "{00A7A4D2-20F2-45C6-BC41-C2B0377619AB}"
EndProject
Project("{FAE04EC0-301F-11D3-BF4B-00C04F79EFBC}") = "Sfc.App.Api.Nuget", "Sfc.App.Api.Nuget\Sfc.App.Api.Nuget.csproj", "{360111F9-76B0-47EA-8B2D-AF25E7DA38D4}"
EndProject
Project("{2150E333-8FDC-42A3-9474-1A3956D46DE8}") = "!Test", "!Test", "{9433D67C-B0C4-4C11-BA96-CA2F31258B7D}"
EndProject
Project("{FAE04EC0-301F-11D3-BF4B-00C04F79EFBC}") = "Sfc.App", "Sfc.App\Sfc.App.csproj", "{21F9BBC9-DC32-4A50-8E6F-0D7465FAA3DC}"
EndProject
Global
	GlobalSection(SolutionConfigurationPlatforms) = preSolution
		Debug|Any CPU = Debug|Any CPU
		Release|Any CPU = Release|Any CPU
	EndGlobalSection
	GlobalSection(ProjectConfigurationPlatforms) = postSolution
		{D64223B7-5EAB-4408-9D8C-759D757F49F3}.Debug|Any CPU.ActiveCfg = Debug|Any CPU
		{D64223B7-5EAB-4408-9D8C-759D757F49F3}.Debug|Any CPU.Build.0 = Debug|Any CPU
		{D64223B7-5EAB-4408-9D8C-759D757F49F3}.Release|Any CPU.ActiveCfg = Release|Any CPU
		{D64223B7-5EAB-4408-9D8C-759D757F49F3}.Release|Any CPU.Build.0 = Release|Any CPU
		{00A7A4D2-20F2-45C6-BC41-C2B0377619AB}.Debug|Any CPU.ActiveCfg = Debug|Any CPU
		{00A7A4D2-20F2-45C6-BC41-C2B0377619AB}.Debug|Any CPU.Build.0 = Debug|Any CPU
		{00A7A4D2-20F2-45C6-BC41-C2B0377619AB}.Release|Any CPU.ActiveCfg = Release|Any CPU
		{00A7A4D2-20F2-45C6-BC41-C2B0377619AB}.Release|Any CPU.Build.0 = Release|Any CPU
		{360111F9-76B0-47EA-8B2D-AF25E7DA38D4}.Debug|Any CPU.ActiveCfg = Debug|Any CPU
		{360111F9-76B0-47EA-8B2D-AF25E7DA38D4}.Debug|Any CPU.Build.0 = Debug|Any CPU
		{360111F9-76B0-47EA-8B2D-AF25E7DA38D4}.Release|Any CPU.ActiveCfg = Release|Any CPU
		{360111F9-76B0-47EA-8B2D-AF25E7DA38D4}.Release|Any CPU.Build.0 = Release|Any CPU
		{21F9BBC9-DC32-4A50-8E6F-0D7465FAA3DC}.Debug|Any CPU.ActiveCfg = Debug|Any CPU
		{21F9BBC9-DC32-4A50-8E6F-0D7465FAA3DC}.Debug|Any CPU.Build.0 = Debug|Any CPU
		{21F9BBC9-DC32-4A50-8E6F-0D7465FAA3DC}.Release|Any CPU.ActiveCfg = Release|Any CPU
		{21F9BBC9-DC32-4A50-8E6F-0D7465FAA3DC}.Release|Any CPU.Build.0 = Release|Any CPU
	EndGlobalSection
	GlobalSection(SolutionProperties) = preSolution
		HideSolutionNode = FALSE
	EndGlobalSection
	GlobalSection(ExtensibilityGlobals) = postSolution
		SolutionGuid = {3E7734BA-075C-428A-99FF-729DB5CED5EA}
	EndGlobalSection
EndGlobal
