
Microsoft Visual Studio Solution File, Format Version 12.00
# Visual Studio 15
VisualStudioVersion = 15.0.28307.645
MinimumVisualStudioVersion = 10.0.40219.1
Project("{FAE04EC0-301F-11D3-BF4B-00C04F79EFBC}") = "Sfc.App.Api.Contracts", "Sfc.App.Api.Contracts\Sfc.App.Api.Contracts.csproj", "{5D13C9AA-7E36-4B18-9B63-CEA1BF5A2A0A}"
EndProject
Global
	GlobalSection(SolutionConfigurationPlatforms) = preSolution
		Debug|Any CPU = Debug|Any CPU
		Release|Any CPU = Release|Any CPU
	EndGlobalSection
	GlobalSection(ProjectConfigurationPlatforms) = postSolution
		{5D13C9AA-7E36-4B18-9B63-CEA1BF5A2A0A}.Debug|Any CPU.ActiveCfg = Debug|Any CPU
		{5D13C9AA-7E36-4B18-9B63-CEA1BF5A2A0A}.Debug|Any CPU.Build.0 = Debug|Any CPU
		{5D13C9AA-7E36-4B18-9B63-CEA1BF5A2A0A}.Release|Any CPU.ActiveCfg = Release|Any CPU
		{5D13C9AA-7E36-4B18-9B63-CEA1BF5A2A0A}.Release|Any CPU.Build.0 = Release|Any CPU
	EndGlobalSection
	GlobalSection(SolutionProperties) = preSolution
		HideSolutionNode = FALSE
	EndGlobalSection
	GlobalSection(ExtensibilityGlobals) = postSolution
		SolutionGuid = {EBB37354-0C6C-424B-84EB-0E159F37BDF1}
	EndGlobalSection
EndGlobal
