
Microsoft Visual Studio Solution File, Format Version 12.00
# Visual Studio 15
VisualStudioVersion = 15.0.28307.572
MinimumVisualStudioVersion = 10.0.40219.1
Project("{FAE04EC0-301F-11D3-BF4B-00C04F79EFBC}") = "Sfc.Wms.App.Api", "..\Sfc.Wms.App.Api\Sfc.Wms.App.Api.csproj", "{D64223B7-5EAB-4408-9D8C-759D757F49F3}"
EndProject
Project("{9A19103F-16F7-4668-BE54-9A1E7A4F7556}") = "Sfc.Wms.App.Api.Contracts", "..\Sfc.Wms.App.Api.Contracts\Sfc.Wms.App.Api.Contracts\Sfc.Wms.App.Api.Contracts.csproj", "{671291D2-09D4-48D2-8EEE-9E21A8943790}"
EndProject
Project("{9A19103F-16F7-4668-BE54-9A1E7A4F7556}") = "Sfc.Wms.App.Api.Nuget", "..\Sfc.Wms.App.Api.Nuget\Sfc.Wms.App.Api.Nuget\Sfc.Wms.App.Api.Nuget.csproj", "{CEF9EAFB-28CA-41EE-9EAA-444ACBE20BF2}"
EndProject
Project("{FAE04EC0-301F-11D3-BF4B-00C04F79EFBC}") = "Sfc.Wms.App.Api.Tests.Unit", "..\Sfc.Wms.App.Api.Tests.Unit\Sfc.Wms.App.Api.Tests.Unit.csproj", "{C6B3CBF6-46F1-4366-BA6C-2498F2D4FE20}"
EndProject
Project("{9A19103F-16F7-4668-BE54-9A1E7A4F7556}") = "Sfc.Wms.App.App", "..\Sfc.Wms.App.App\Sfc.Wms.App.App\Sfc.Wms.App.App.csproj", "{931AA310-B0B6-46BB-AFF9-97EBAC4386CB}"
EndProject
Project("{2150E333-8FDC-42A3-9474-1A3956D46DE8}") = "!Test", "!Test", "{E8317715-0B2C-49AC-8EB4-0D4D508F73D0}"
EndProject
Global
	GlobalSection(SolutionConfigurationPlatforms) = preSolution
		Debug|Any CPU = Debug|Any CPU
		DEV|Any CPU = DEV|Any CPU
		PROD|Any CPU = PROD|Any CPU
		QA|Any CPU = QA|Any CPU
		Release|Any CPU = Release|Any CPU
		UAT|Any CPU = UAT|Any CPU
	EndGlobalSection
	GlobalSection(ProjectConfigurationPlatforms) = postSolution
		{D64223B7-5EAB-4408-9D8C-759D757F49F3}.Debug|Any CPU.ActiveCfg = Debug|Any CPU
		{D64223B7-5EAB-4408-9D8C-759D757F49F3}.Debug|Any CPU.Build.0 = Debug|Any CPU
		{D64223B7-5EAB-4408-9D8C-759D757F49F3}.DEV|Any CPU.ActiveCfg = DEV|Any CPU
		{D64223B7-5EAB-4408-9D8C-759D757F49F3}.DEV|Any CPU.Build.0 = DEV|Any CPU
		{D64223B7-5EAB-4408-9D8C-759D757F49F3}.PROD|Any CPU.ActiveCfg = PROD|Any CPU
		{D64223B7-5EAB-4408-9D8C-759D757F49F3}.PROD|Any CPU.Build.0 = PROD|Any CPU
		{D64223B7-5EAB-4408-9D8C-759D757F49F3}.QA|Any CPU.ActiveCfg = QA|Any CPU
		{D64223B7-5EAB-4408-9D8C-759D757F49F3}.QA|Any CPU.Build.0 = QA|Any CPU
		{D64223B7-5EAB-4408-9D8C-759D757F49F3}.Release|Any CPU.ActiveCfg = Release|Any CPU
		{D64223B7-5EAB-4408-9D8C-759D757F49F3}.Release|Any CPU.Build.0 = Release|Any CPU
		{D64223B7-5EAB-4408-9D8C-759D757F49F3}.UAT|Any CPU.ActiveCfg = UAT|Any CPU
		{D64223B7-5EAB-4408-9D8C-759D757F49F3}.UAT|Any CPU.Build.0 = UAT|Any CPU
		{671291D2-09D4-48D2-8EEE-9E21A8943790}.Debug|Any CPU.ActiveCfg = Debug|Any CPU
		{671291D2-09D4-48D2-8EEE-9E21A8943790}.Debug|Any CPU.Build.0 = Debug|Any CPU
		{671291D2-09D4-48D2-8EEE-9E21A8943790}.DEV|Any CPU.ActiveCfg = Debug|Any CPU
		{671291D2-09D4-48D2-8EEE-9E21A8943790}.DEV|Any CPU.Build.0 = Debug|Any CPU
		{671291D2-09D4-48D2-8EEE-9E21A8943790}.PROD|Any CPU.ActiveCfg = PROD|Any CPU
		{671291D2-09D4-48D2-8EEE-9E21A8943790}.PROD|Any CPU.Build.0 = PROD|Any CPU
		{671291D2-09D4-48D2-8EEE-9E21A8943790}.QA|Any CPU.ActiveCfg = QA|Any CPU
		{671291D2-09D4-48D2-8EEE-9E21A8943790}.QA|Any CPU.Build.0 = QA|Any CPU
		{671291D2-09D4-48D2-8EEE-9E21A8943790}.Release|Any CPU.ActiveCfg = Release|Any CPU
		{671291D2-09D4-48D2-8EEE-9E21A8943790}.Release|Any CPU.Build.0 = Release|Any CPU
		{671291D2-09D4-48D2-8EEE-9E21A8943790}.UAT|Any CPU.ActiveCfg = UAT|Any CPU
		{671291D2-09D4-48D2-8EEE-9E21A8943790}.UAT|Any CPU.Build.0 = UAT|Any CPU
		{CEF9EAFB-28CA-41EE-9EAA-444ACBE20BF2}.Debug|Any CPU.ActiveCfg = Debug|Any CPU
		{CEF9EAFB-28CA-41EE-9EAA-444ACBE20BF2}.Debug|Any CPU.Build.0 = Debug|Any CPU
		{CEF9EAFB-28CA-41EE-9EAA-444ACBE20BF2}.DEV|Any CPU.ActiveCfg = Debug|Any CPU
		{CEF9EAFB-28CA-41EE-9EAA-444ACBE20BF2}.DEV|Any CPU.Build.0 = Debug|Any CPU
		{CEF9EAFB-28CA-41EE-9EAA-444ACBE20BF2}.PROD|Any CPU.ActiveCfg = PROD|Any CPU
		{CEF9EAFB-28CA-41EE-9EAA-444ACBE20BF2}.PROD|Any CPU.Build.0 = PROD|Any CPU
		{CEF9EAFB-28CA-41EE-9EAA-444ACBE20BF2}.QA|Any CPU.ActiveCfg = QA|Any CPU
		{CEF9EAFB-28CA-41EE-9EAA-444ACBE20BF2}.QA|Any CPU.Build.0 = QA|Any CPU
		{CEF9EAFB-28CA-41EE-9EAA-444ACBE20BF2}.Release|Any CPU.ActiveCfg = Release|Any CPU
		{CEF9EAFB-28CA-41EE-9EAA-444ACBE20BF2}.Release|Any CPU.Build.0 = Release|Any CPU
		{CEF9EAFB-28CA-41EE-9EAA-444ACBE20BF2}.UAT|Any CPU.ActiveCfg = UAT|Any CPU
		{CEF9EAFB-28CA-41EE-9EAA-444ACBE20BF2}.UAT|Any CPU.Build.0 = UAT|Any CPU
		{C6B3CBF6-46F1-4366-BA6C-2498F2D4FE20}.Debug|Any CPU.ActiveCfg = Debug|Any CPU
		{C6B3CBF6-46F1-4366-BA6C-2498F2D4FE20}.Debug|Any CPU.Build.0 = Debug|Any CPU
		{C6B3CBF6-46F1-4366-BA6C-2498F2D4FE20}.DEV|Any CPU.ActiveCfg = Debug|Any CPU
		{C6B3CBF6-46F1-4366-BA6C-2498F2D4FE20}.DEV|Any CPU.Build.0 = Debug|Any CPU
		{C6B3CBF6-46F1-4366-BA6C-2498F2D4FE20}.PROD|Any CPU.ActiveCfg = PROD|Any CPU
		{C6B3CBF6-46F1-4366-BA6C-2498F2D4FE20}.PROD|Any CPU.Build.0 = PROD|Any CPU
		{C6B3CBF6-46F1-4366-BA6C-2498F2D4FE20}.QA|Any CPU.ActiveCfg = QA|Any CPU
		{C6B3CBF6-46F1-4366-BA6C-2498F2D4FE20}.QA|Any CPU.Build.0 = QA|Any CPU
		{C6B3CBF6-46F1-4366-BA6C-2498F2D4FE20}.Release|Any CPU.ActiveCfg = Release|Any CPU
		{C6B3CBF6-46F1-4366-BA6C-2498F2D4FE20}.Release|Any CPU.Build.0 = Release|Any CPU
		{C6B3CBF6-46F1-4366-BA6C-2498F2D4FE20}.UAT|Any CPU.ActiveCfg = UAT|Any CPU
		{C6B3CBF6-46F1-4366-BA6C-2498F2D4FE20}.UAT|Any CPU.Build.0 = UAT|Any CPU
		{931AA310-B0B6-46BB-AFF9-97EBAC4386CB}.Debug|Any CPU.ActiveCfg = Debug|Any CPU
		{931AA310-B0B6-46BB-AFF9-97EBAC4386CB}.Debug|Any CPU.Build.0 = Debug|Any CPU
		{931AA310-B0B6-46BB-AFF9-97EBAC4386CB}.DEV|Any CPU.ActiveCfg = Debug|Any CPU
		{931AA310-B0B6-46BB-AFF9-97EBAC4386CB}.DEV|Any CPU.Build.0 = Debug|Any CPU
		{931AA310-B0B6-46BB-AFF9-97EBAC4386CB}.PROD|Any CPU.ActiveCfg = PROD|Any CPU
		{931AA310-B0B6-46BB-AFF9-97EBAC4386CB}.PROD|Any CPU.Build.0 = PROD|Any CPU
		{931AA310-B0B6-46BB-AFF9-97EBAC4386CB}.QA|Any CPU.ActiveCfg = QA|Any CPU
		{931AA310-B0B6-46BB-AFF9-97EBAC4386CB}.QA|Any CPU.Build.0 = QA|Any CPU
		{931AA310-B0B6-46BB-AFF9-97EBAC4386CB}.Release|Any CPU.ActiveCfg = Release|Any CPU
		{931AA310-B0B6-46BB-AFF9-97EBAC4386CB}.Release|Any CPU.Build.0 = Release|Any CPU
		{931AA310-B0B6-46BB-AFF9-97EBAC4386CB}.UAT|Any CPU.ActiveCfg = UAT|Any CPU
		{931AA310-B0B6-46BB-AFF9-97EBAC4386CB}.UAT|Any CPU.Build.0 = UAT|Any CPU
	EndGlobalSection
	GlobalSection(SolutionProperties) = preSolution
		HideSolutionNode = FALSE
	EndGlobalSection
	GlobalSection(NestedProjects) = preSolution
		{C6B3CBF6-46F1-4366-BA6C-2498F2D4FE20} = {E8317715-0B2C-49AC-8EB4-0D4D508F73D0}
	EndGlobalSection
	GlobalSection(ExtensibilityGlobals) = postSolution
		SolutionGuid = {F375D34D-A5CE-4E9A-B07C-843B20BCB48B}
	EndGlobalSection
EndGlobal
